
Microsoft Visual Studio Solution File, Format Version 12.00
# Visual Studio 15
VisualStudioVersion = 15.0.27004.2002
MinimumVisualStudioVersion = 10.0.40219.1
Project("{D954291E-2A0B-460D-934E-DC6B0785DB48}") = "PersonalApp", "PersonalApp\PersonalApp\PersonalApp.shproj", "{9507D51A-A5F8-4C65-BEAE-19F9EDEBCE47}"
EndProject
Project("{FAE04EC0-301F-11D3-BF4B-00C04F79EFBC}") = "PersonalApp.Android", "PersonalApp\PersonalApp.Android\PersonalApp.Android.csproj", "{77753B50-E647-4CFB-822C-FEADBE54DFBF}"
EndProject
Project("{FAE04EC0-301F-11D3-BF4B-00C04F79EFBC}") = "PersonalApp.iOS", "PersonalApp\PersonalApp.iOS\PersonalApp.iOS.csproj", "{435D8B4D-F32E-440B-BF41-57E5AD0EE410}"
EndProject
Global
	GlobalSection(SharedMSBuildProjectFiles) = preSolution
		PersonalApp\PersonalApp\PersonalApp.projitems*{435d8b4d-f32e-440b-bf41-57e5ad0ee410}*SharedItemsImports = 4
		PersonalApp\PersonalApp\PersonalApp.projitems*{77753b50-e647-4cfb-822c-feadbe54dfbf}*SharedItemsImports = 4
		PersonalApp\PersonalApp\PersonalApp.projitems*{9507d51a-a5f8-4c65-beae-19f9edebce47}*SharedItemsImports = 13
	EndGlobalSection
	GlobalSection(SolutionConfigurationPlatforms) = preSolution
		Debug|Any CPU = Debug|Any CPU
		Debug|iPhone = Debug|iPhone
		Debug|iPhoneSimulator = Debug|iPhoneSimulator
		Release|Any CPU = Release|Any CPU
		Release|iPhone = Release|iPhone
		Release|iPhoneSimulator = Release|iPhoneSimulator
	EndGlobalSection
	GlobalSection(ProjectConfigurationPlatforms) = postSolution
		{77753B50-E647-4CFB-822C-FEADBE54DFBF}.Debug|Any CPU.ActiveCfg = Debug|Any CPU
		{77753B50-E647-4CFB-822C-FEADBE54DFBF}.Debug|Any CPU.Build.0 = Debug|Any CPU
		{77753B50-E647-4CFB-822C-FEADBE54DFBF}.Debug|Any CPU.Deploy.0 = Debug|Any CPU
		{77753B50-E647-4CFB-822C-FEADBE54DFBF}.Debug|iPhone.ActiveCfg = Debug|Any CPU
		{77753B50-E647-4CFB-822C-FEADBE54DFBF}.Debug|iPhone.Build.0 = Debug|Any CPU
		{77753B50-E647-4CFB-822C-FEADBE54DFBF}.Debug|iPhone.Deploy.0 = Debug|Any CPU
		{77753B50-E647-4CFB-822C-FEADBE54DFBF}.Debug|iPhoneSimulator.ActiveCfg = Debug|Any CPU
		{77753B50-E647-4CFB-822C-FEADBE54DFBF}.Debug|iPhoneSimulator.Build.0 = Debug|Any CPU
		{77753B50-E647-4CFB-822C-FEADBE54DFBF}.Debug|iPhoneSimulator.Deploy.0 = Debug|Any CPU
		{77753B50-E647-4CFB-822C-FEADBE54DFBF}.Release|Any CPU.ActiveCfg = Release|Any CPU
		{77753B50-E647-4CFB-822C-FEADBE54DFBF}.Release|Any CPU.Build.0 = Release|Any CPU
		{77753B50-E647-4CFB-822C-FEADBE54DFBF}.Release|Any CPU.Deploy.0 = Release|Any CPU
		{77753B50-E647-4CFB-822C-FEADBE54DFBF}.Release|iPhone.ActiveCfg = Release|Any CPU
		{77753B50-E647-4CFB-822C-FEADBE54DFBF}.Release|iPhone.Build.0 = Release|Any CPU
		{77753B50-E647-4CFB-822C-FEADBE54DFBF}.Release|iPhone.Deploy.0 = Release|Any CPU
		{77753B50-E647-4CFB-822C-FEADBE54DFBF}.Release|iPhoneSimulator.ActiveCfg = Release|Any CPU
		{77753B50-E647-4CFB-822C-FEADBE54DFBF}.Release|iPhoneSimulator.Build.0 = Release|Any CPU
		{77753B50-E647-4CFB-822C-FEADBE54DFBF}.Release|iPhoneSimulator.Deploy.0 = Release|Any CPU
		{435D8B4D-F32E-440B-BF41-57E5AD0EE410}.Debug|Any CPU.ActiveCfg = Debug|iPhoneSimulator
		{435D8B4D-F32E-440B-BF41-57E5AD0EE410}.Debug|iPhone.ActiveCfg = Debug|iPhone
		{435D8B4D-F32E-440B-BF41-57E5AD0EE410}.Debug|iPhone.Build.0 = Debug|iPhone
		{435D8B4D-F32E-440B-BF41-57E5AD0EE410}.Debug|iPhoneSimulator.ActiveCfg = Debug|iPhoneSimulator
		{435D8B4D-F32E-440B-BF41-57E5AD0EE410}.Debug|iPhoneSimulator.Build.0 = Debug|iPhoneSimulator
		{435D8B4D-F32E-440B-BF41-57E5AD0EE410}.Release|Any CPU.ActiveCfg = Release|iPhoneSimulator
		{435D8B4D-F32E-440B-BF41-57E5AD0EE410}.Release|iPhone.ActiveCfg = Release|iPhone
		{435D8B4D-F32E-440B-BF41-57E5AD0EE410}.Release|iPhone.Build.0 = Release|iPhone
		{435D8B4D-F32E-440B-BF41-57E5AD0EE410}.Release|iPhoneSimulator.ActiveCfg = Release|iPhoneSimulator
		{435D8B4D-F32E-440B-BF41-57E5AD0EE410}.Release|iPhoneSimulator.Build.0 = Release|iPhoneSimulator
	EndGlobalSection
	GlobalSection(SolutionProperties) = preSolution
		HideSolutionNode = FALSE
	EndGlobalSection
	GlobalSection(ExtensibilityGlobals) = postSolution
		SolutionGuid = {E086584C-697E-4B93-8F22-6DC32322A0B8}
	EndGlobalSection
EndGlobal
